version = 1
revision = 2
requires-python = ">=3.8"
resolution-markers = [
    "python_full_version >= '3.9'",
    "python_full_version < '3.9'",
]

[[package]]
name = "nexus-rpc"
version = "1.1.0"
source = { registry = "https://pypi.org/simple" }
dependencies = [
    { name = "typing-extensions", version = "4.15.0", source = { registry = "https://pypi.org/simple" }, marker = "python_full_version >= '3.9'" },
]
sdist = { url = "https://files.pythonhosted.org/packages/ef/66/540687556bd28cf1ec370cc6881456203dfddb9dab047b8979c6865b5984/nexus_rpc-1.1.0.tar.gz", hash = "sha256:d65ad6a2f54f14e53ebe39ee30555eaeb894102437125733fb13034a04a44553", size = 77383, upload-time = "2025-07-07T19:03:58.368Z" }
wheels = [
    { url = "https://files.pythonhosted.org/packages/bf/2f/9e9d0dcaa4c6ffa22b7aa31069a8a264c753ff8027b36af602cce038c92f/nexus_rpc-1.1.0-py3-none-any.whl", hash = "sha256:d1b007af2aba186a27e736f8eaae39c03aed05b488084ff6c3d1785c9ba2ad38", size = 27743, upload-time = "2025-07-07T19:03:57.556Z" },
]

[[package]]
name = "protobuf"
version = "5.29.5"
source = { registry = "https://pypi.org/simple" }
resolution-markers = [
    "python_full_version < '3.9'",
]
sdist = { url = "https://files.pythonhosted.org/packages/43/29/d09e70352e4e88c9c7a198d5645d7277811448d76c23b00345670f7c8a38/protobuf-5.29.5.tar.gz", hash = "sha256:bc1463bafd4b0929216c35f437a8e28731a2b7fe3d98bb77a600efced5a15c84", size = 425226, upload-time = "2025-05-28T23:51:59.82Z" }
wheels = [
    { url = "https://files.pythonhosted.org/packages/5f/11/6e40e9fc5bba02988a214c07cf324595789ca7820160bfd1f8be96e48539/protobuf-5.29.5-cp310-abi3-win32.whl", hash = "sha256:3f1c6468a2cfd102ff4703976138844f78ebd1fb45f49011afc5139e9e283079", size = 422963, upload-time = "2025-05-28T23:51:41.204Z" },
    { url = "https://files.pythonhosted.org/packages/81/7f/73cefb093e1a2a7c3ffd839e6f9fcafb7a427d300c7f8aef9c64405d8ac6/protobuf-5.29.5-cp310-abi3-win_amd64.whl", hash = "sha256:3f76e3a3675b4a4d867b52e4a5f5b78a2ef9565549d4037e06cf7b0942b1d3fc", size = 434818, upload-time = "2025-05-28T23:51:44.297Z" },
    { url = "https://files.pythonhosted.org/packages/dd/73/10e1661c21f139f2c6ad9b23040ff36fee624310dc28fba20d33fdae124c/protobuf-5.29.5-cp38-abi3-macosx_10_9_universal2.whl", hash = "sha256:e38c5add5a311f2a6eb0340716ef9b039c1dfa428b28f25a7838ac329204a671", size = 418091, upload-time = "2025-05-28T23:51:45.907Z" },
    { url = "https://files.pythonhosted.org/packages/6c/04/98f6f8cf5b07ab1294c13f34b4e69b3722bb609c5b701d6c169828f9f8aa/protobuf-5.29.5-cp38-abi3-manylinux2014_aarch64.whl", hash = "sha256:fa18533a299d7ab6c55a238bf8629311439995f2e7eca5caaff08663606e9015", size = 319824, upload-time = "2025-05-28T23:51:47.545Z" },
    { url = "https://files.pythonhosted.org/packages/85/e4/07c80521879c2d15f321465ac24c70efe2381378c00bf5e56a0f4fbac8cd/protobuf-5.29.5-cp38-abi3-manylinux2014_x86_64.whl", hash = "sha256:63848923da3325e1bf7e9003d680ce6e14b07e55d0473253a690c3a8b8fd6e61", size = 319942, upload-time = "2025-05-28T23:51:49.11Z" },
    { url = "https://files.pythonhosted.org/packages/b1/24/dc0e489944b3cba0403f26223c0cc552a222af91a42257cbd25ef968b0c0/protobuf-5.29.5-cp38-cp38-win32.whl", hash = "sha256:ef91363ad4faba7b25d844ef1ada59ff1604184c0bcd8b39b8a6bef15e1af238", size = 422886, upload-time = "2025-05-28T23:51:50.688Z" },
    { url = "https://files.pythonhosted.org/packages/a2/bb/9a6e6ec4a99bccd35e326e8e5eab30ca42f3df987c13ca6522b8b4fbd5ff/protobuf-5.29.5-cp38-cp38-win_amd64.whl", hash = "sha256:7318608d56b6402d2ea7704ff1e1e4597bee46d760e7e4dd42a3d45e24b87f2e", size = 434837, upload-time = "2025-05-28T23:51:52.298Z" },
    { url = "https://files.pythonhosted.org/packages/e5/59/ca89678bb0352f094fc92f2b358daa40e3acc91a93aa8f922b24762bf841/protobuf-5.29.5-cp39-cp39-win32.whl", hash = "sha256:6f642dc9a61782fa72b90878af134c5afe1917c89a568cd3476d758d3c3a0736", size = 423025, upload-time = "2025-05-28T23:51:54.003Z" },
    { url = "https://files.pythonhosted.org/packages/96/8b/2c62731fe3e92ddbbeca0174f78f0f8739197cdeb7c75ceb5aad3706963b/protobuf-5.29.5-cp39-cp39-win_amd64.whl", hash = "sha256:470f3af547ef17847a28e1f47200a1cbf0ba3ff57b7de50d22776607cd2ea353", size = 434906, upload-time = "2025-05-28T23:51:55.782Z" },
    { url = "https://files.pythonhosted.org/packages/7e/cc/7e77861000a0691aeea8f4566e5d3aa716f2b1dece4a24439437e41d3d25/protobuf-5.29.5-py3-none-any.whl", hash = "sha256:6cf42630262c59b2d8de33954443d94b746c952b01434fc58a417fdbd2e84bd5", size = 172823, upload-time = "2025-05-28T23:51:58.157Z" },
]

[[package]]
name = "protobuf"
version = "6.33.0"
source = { registry = "https://pypi.org/simple" }
resolution-markers = [
    "python_full_version >= '3.9'",
]
sdist = { url = "https://files.pythonhosted.org/packages/19/ff/64a6c8f420818bb873713988ca5492cba3a7946be57e027ac63495157d97/protobuf-6.33.0.tar.gz", hash = "sha256:140303d5c8d2037730c548f8c7b93b20bb1dc301be280c378b82b8894589c954", size = 443463, upload-time = "2025-10-15T20:39:52.159Z" }
wheels = [
    { url = "https://files.pythonhosted.org/packages/7e/ee/52b3fa8feb6db4a833dfea4943e175ce645144532e8a90f72571ad85df4e/protobuf-6.33.0-cp310-abi3-win32.whl", hash = "sha256:d6101ded078042a8f17959eccd9236fb7a9ca20d3b0098bbcb91533a5680d035", size = 425593, upload-time = "2025-10-15T20:39:40.29Z" },
    { url = "https://files.pythonhosted.org/packages/7b/c6/7a465f1825872c55e0341ff4a80198743f73b69ce5d43ab18043699d1d81/protobuf-6.33.0-cp310-abi3-win_amd64.whl", hash = "sha256:9a031d10f703f03768f2743a1c403af050b6ae1f3480e9c140f39c45f81b13ee", size = 436882, upload-time = "2025-10-15T20:39:42.841Z" },
    { url = "https://files.pythonhosted.org/packages/e1/a9/b6eee662a6951b9c3640e8e452ab3e09f117d99fc10baa32d1581a0d4099/protobuf-6.33.0-cp39-abi3-macosx_10_9_universal2.whl", hash = "sha256:905b07a65f1a4b72412314082c7dbfae91a9e8b68a0cc1577515f8df58ecf455", size = 427521, upload-time = "2025-10-15T20:39:43.803Z" },
    { url = "https://files.pythonhosted.org/packages/10/35/16d31e0f92c6d2f0e77c2a3ba93185130ea13053dd16200a57434c882f2b/protobuf-6.33.0-cp39-abi3-manylinux2014_aarch64.whl", hash = "sha256:e0697ece353e6239b90ee43a9231318302ad8353c70e6e45499fa52396debf90", size = 324445, upload-time = "2025-10-15T20:39:44.932Z" },
    { url = "https://files.pythonhosted.org/packages/e6/eb/2a981a13e35cda8b75b5585aaffae2eb904f8f351bdd3870769692acbd8a/protobuf-6.33.0-cp39-abi3-manylinux2014_s390x.whl", hash = "sha256:e0a1715e4f27355afd9570f3ea369735afc853a6c3951a6afe1f80d8569ad298", size = 339159, upload-time = "2025-10-15T20:39:46.186Z" },
    { url = "https://files.pythonhosted.org/packages/21/51/0b1cbad62074439b867b4e04cc09b93f6699d78fd191bed2bbb44562e077/protobuf-6.33.0-cp39-abi3-manylinux2014_x86_64.whl", hash = "sha256:35be49fd3f4fefa4e6e2aacc35e8b837d6703c37a2168a55ac21e9b1bc7559ef", size = 323172, upload-time = "2025-10-15T20:39:47.465Z" },
    { url = "https://files.pythonhosted.org/packages/57/33/fbe61bbe91a656619f107b9dfd84b16e1438766bd62157b8d1c1214491fd/protobuf-6.33.0-cp39-cp39-win32.whl", hash = "sha256:cd33a8e38ea3e39df66e1bbc462b076d6e5ba3a4ebbde58219d777223a7873d3", size = 425690, upload-time = "2025-10-15T20:39:48.909Z" },
    { url = "https://files.pythonhosted.org/packages/2c/e4/ccc4814ad9d12fa404f7e5ce1983a2403644b0ed2588678c762b7a26ed92/protobuf-6.33.0-cp39-cp39-win_amd64.whl", hash = "sha256:c963e86c3655af3a917962c9619e1a6b9670540351d7af9439d06064e3317cc9", size = 436876, upload-time = "2025-10-15T20:39:50.009Z" },
    { url = "https://files.pythonhosted.org/packages/07/d1/0a28c21707807c6aacd5dc9c3704b2aa1effbf37adebd8caeaf68b17a636/protobuf-6.33.0-py3-none-any.whl", hash = "sha256:25c9e1963c6734448ea2d308cfa610e692b801304ba0908d7bfa564ac5132995", size = 170477, upload-time = "2025-10-15T20:39:51.311Z" },
]

[[package]]
name = "python-dateutil"
version = "2.9.0.post0"
source = { registry = "https://pypi.org/simple" }
dependencies = [
    { name = "six" },
]
sdist = { url = "https://files.pythonhosted.org/packages/66/c0/0c8b6ad9f17a802ee498c46e004a0eb49bc148f2fd230864601a86dcf6db/python-dateutil-2.9.0.post0.tar.gz", hash = "sha256:37dd54208da7e1cd875388217d5e00ebd4179249f90fb72437e91a35459a0ad3", size = 342432, upload-time = "2024-03-01T18:36:20.211Z" }
wheels = [
    { url = "https://files.pythonhosted.org/packages/ec/57/56b9bcc3c9c6a792fcbaf139543cee77261f3651ca9da0c93f5c1221264b/python_dateutil-2.9.0.post0-py2.py3-none-any.whl", hash = "sha256:a8b2bc7bffae282281c8140a97d3aa9c14da0b136dfe83f850eea9a5f7470427", size = 229892, upload-time = "2024-03-01T18:36:18.57Z" },
]

[[package]]
name = "reset-child"
version = "1.0.0"
source = { virtual = "." }
dependencies = [
    { name = "temporalio", version = "1.9.0", source = { registry = "https://pypi.org/simple" }, marker = "python_full_version < '3.9'" },
    { name = "temporalio", version = "1.18.2", source = { registry = "https://pypi.org/simple" }, marker = "python_full_version >= '3.9'" },
]

[package.metadata]
requires-dist = [{ name = "temporalio", specifier = ">=1.8.0" }]

[[package]]
name = "six"
version = "1.17.0"
source = { registry = "https://pypi.org/simple" }
sdist = { url = "https://files.pythonhosted.org/packages/94/e7/b2c673351809dca68a0e064b6af791aa332cf192da575fd474ed7d6f16a2/six-1.17.0.tar.gz", hash = "sha256:ff70335d468e7eb6ec65b95b99d3a2836546063f63acc5171de367e834932a81", size = 34031, upload-time = "2024-12-04T17:35:28.174Z" }
wheels = [
    { url = "https://files.pythonhosted.org/packages/b7/ce/149a00dd41f10bc29e5921b496af8b574d8413afcd5e30dfa0ed46c2cc5e/six-1.17.0-py2.py3-none-any.whl", hash = "sha256:4721f391ed90541fddacab5acf947aa0d3dc7d27b2e1e8eda2be8970586c3274", size = 11050, upload-time = "2024-12-04T17:35:26.475Z" },
]

[[package]]
name = "temporalio"
version = "1.9.0"
source = { registry = "https://pypi.org/simple" }
resolution-markers = [
    "python_full_version < '3.9'",
]
dependencies = [
    { name = "protobuf", version = "5.29.5", source = { registry = "https://pypi.org/simple" }, marker = "python_full_version < '3.9'" },
    { name = "python-dateutil", marker = "python_full_version < '3.9'" },
    { name = "types-protobuf", version = "5.29.1.20241207", source = { registry = "https://pypi.org/simple" }, marker = "python_full_version < '3.9'" },
    { name = "typing-extensions", version = "4.13.2", source = { registry = "https://pypi.org/simple" }, marker = "python_full_version < '3.9'" },
]
sdist = { url = "https://files.pythonhosted.org/packages/22/93/f4f2bd35aef32bc1b37672e7480270e466bc8e5a0dfdbef159bbb21d0c5e/temporalio-1.9.0.tar.gz", hash = "sha256:932b56720a20401f333ffdaea157cc64d0f9d615a2fd16358bee56d9491bff77", size = 1392558, upload-time = "2024-12-23T19:06:04.685Z" }
wheels = [
    { url = "https://files.pythonhosted.org/packages/92/13/47edab6503b9bd7bc4976e6e5ab358b30c3c7f8b16e1381c8e2bad644153/temporalio-1.9.0-cp38-abi3-macosx_10_9_x86_64.whl", hash = "sha256:ee941702e8925e2c018b5c2d7b296f811205043654d7f9c4564d7fa6597f1989", size = 10603944, upload-time = "2024-12-23T19:05:34.143Z" },
    { url = "https://files.pythonhosted.org/packages/b7/c7/e5aa41ad3ef102d40774b825a8bc83993640fa32800036f8de403ae98ff7/temporalio-1.9.0-cp38-abi3-macosx_11_0_arm64.whl", hash = "sha256:101040090238d97b61d769e009f732409894d8f26596a3827662f2dde2862097", size = 10344131, upload-time = "2024-12-23T19:05:45.372Z" },
    { url = "https://files.pythonhosted.org/packages/20/fe/dad35e43291a6f3fd4a954b1a6ef7e07380390e5eeeff851b638a98eb07b/temporalio-1.9.0-cp38-abi3-manylinux2014_aarch64.manylinux_2_17_aarch64.whl", hash = "sha256:91f49b81823f8f44819cc48da0b730175acd793dc428e451e1824b48a4e41465", size = 10922503, upload-time = "2024-12-23T19:05:50.713Z" },
    { url = "https://files.pythonhosted.org/packages/3f/77/ca59423802df8fe8601c2752dd8d7543fe9789036620b4ec6ce8b363c184/temporalio-1.9.0-cp38-abi3-manylinux2014_x86_64.manylinux_2_17_x86_64.whl", hash = "sha256:f516ae152935ec16afb65b7555486f161b427eaa4b411e945063e31da1a644eb", size = 11036038, upload-time = "2024-12-23T19:05:55.361Z" },
    { url = "https://files.pythonhosted.org/packages/b2/dd/5918b13f1a76874481755673152a783186819364a6a8577c1c2c12f72deb/temporalio-1.9.0-cp38-abi3-win_amd64.whl", hash = "sha256:254267109e8e5cb3fa35b4719fdde5ec114b264f3b030ab5be6a69f697acdc5e", size = 11246714, upload-time = "2024-12-23T19:05:59.163Z" },
]

[[package]]
name = "temporalio"
version = "1.18.2"
source = { registry = "https://pypi.org/simple" }
resolution-markers = [
    "python_full_version >= '3.9'",
]
dependencies = [
    { name = "nexus-rpc", marker = "python_full_version >= '3.9'" },
    { name = "protobuf", version = "6.33.0", source = { registry = "https://pypi.org/simple" }, marker = "python_full_version >= '3.9'" },
    { name = "python-dateutil", marker = "python_full_version >= '3.9' and python_full_version < '3.11'" },
    { name = "types-protobuf", version = "6.32.1.20251105", source = { registry = "https://pypi.org/simple" }, marker = "python_full_version >= '3.9'" },
    { name = "typing-extensions", version = "4.15.0", source = { registry = "https://pypi.org/simple" }, marker = "python_full_version >= '3.9'" },
]
sdist = { url = "https://files.pythonhosted.org/packages/61/ab/f866e19e02d46792ebd08e3e975f30ec86f985f1cd0cee4d5bc632d538e6/temporalio-1.18.2.tar.gz", hash = "sha256:b6ecb43562988ac698eef155d9c2527fa6c53a2ae564cb4787421499a0269599", size = 1788530, upload-time = "2025-10-27T19:24:50.624Z" }
wheels = [
    { url = "https://files.pythonhosted.org/packages/35/7e/2fc0d8cf18644fba2e4e5d0ba66206bf2e6f22ad04e9da8f038261351ff6/temporalio-1.18.2-cp39-abi3-macosx_10_12_x86_64.whl", hash = "sha256:b97f046b23a492b0a3956dffce3664ed44ca1f3577df6aa4b8023ec988f5d093", size = 12808656, upload-time = "2025-10-27T19:24:26.884Z" },
    { url = "https://files.pythonhosted.org/packages/f9/2f/8ee0836e31f60a03582358ff64210f6f0c91001f34e4fc85da892e5c3087/temporalio-1.18.2-cp39-abi3-macosx_11_0_arm64.whl", hash = "sha256:dac1203ebabae3268bc0b43b8c841e6f9102893c616488a278bc5d06043b76e5", size = 12393520, upload-time = "2025-10-27T19:24:32.048Z" },
    { url = "https://files.pythonhosted.org/packages/fc/39/53d9add2e8c1d4066ea0c288476cdc944453ea309e36e7b24d4a1c43db79/temporalio-1.18.2-cp39-abi3-manylinux_2_17_aarch64.manylinux2014_aarch64.whl", hash = "sha256:f45b124099dbbe32a76a4df0d851db2ad94e6725f778fd74fccc8d33ee4868e9", size = 12733544, upload-time = "2025-10-27T19:24:36.871Z" },
    { url = "https://files.pythonhosted.org/packages/22/b2/5558978e9002fd1e71a1a459ddcc8fdd1fc1f4f595fd578eb7568be266a6/temporalio-1.18.2-cp39-abi3-manylinux_2_17_x86_64.manylinux2014_x86_64.whl", hash = "sha256:d427a398f6f402920e9f78d571b7d7a72876244d5affeaeaec8843c34013e84e", size = 12926857, upload-time = "2025-10-27T19:24:43.443Z" },
    { url = "https://files.pythonhosted.org/packages/5d/a2/ea81149ae7faa154aa842e9dd88390df3158a687db694e06d08716c030b6/temporalio-1.18.2-cp39-abi3-win_amd64.whl", hash = "sha256:7e1f3da98cf23af7094467f1c1180374a10c38aa712cd7e868e15412dd2c6cde", size = 13059111, upload-time = "2025-10-27T19:24:48.382Z" },
]

[[package]]
name = "types-protobuf"
version = "5.29.1.20241207"
source = { registry = "https://pypi.org/simple" }
resolution-markers = [
    "python_full_version < '3.9'",
]
sdist = { url = "https://files.pythonhosted.org/packages/70/89/b661a447139f665ccea8e39bfdd52a92f803df4b5de0e6001a3537feaacb/types_protobuf-5.29.1.20241207.tar.gz", hash = "sha256:2ebcadb8ab3ef2e3e2f067e0882906d64ba0dc65fc5b0fd7a8b692315b4a0be9", size = 59190, upload-time = "2024-12-07T02:54:37.951Z" }
wheels = [
    { url = "https://files.pythonhosted.org/packages/7e/6e/cdf152187019d6f6d04066b23e48659d961b527e9c6d43b48459d160e332/types_protobuf-5.29.1.20241207-py3-none-any.whl", hash = "sha256:92893c42083e9b718c678badc0af7a9a1307b92afe1599e5cba5f3d35b668b2f", size = 73902, upload-time = "2024-12-07T02:54:36.069Z" },
]

[[package]]
name = "types-protobuf"
version = "6.32.1.20251105"
source = { registry = "https://pypi.org/simple" }
resolution-markers = [
    "python_full_version >= '3.9'",
]
sdist = { url = "https://files.pythonhosted.org/packages/f3/ab/0dce6a9841b5ebf3e37401879bb8cc20724ad9c770a7649bee997696cc75/types_protobuf-6.32.1.20251105.tar.gz", hash = "sha256:641002611ff87dd9fedc38a39a29cacb9907ae5ce61489b53e99ca2074bef764", size = 63846, upload-time = "2025-11-05T03:04:43.456Z" }
wheels = [
    { url = "https://files.pythonhosted.org/packages/ed/57/3a0d89b33b7485b7ffd99ec7cf53b0c5c89194c481f0bd673fd67e5f273f/types_protobuf-6.32.1.20251105-py3-none-any.whl", hash = "sha256:a15109d38f7cfefd2539ef86d3f93a6a41c7cad53924f8aa1a51eaddbb72a660", size = 77890, upload-time = "2025-11-05T03:04:42.067Z" },
]

[[package]]
name = "typing-extensions"
version = "4.13.2"
source = { registry = "https://pypi.org/simple" }
resolution-markers = [
    "python_full_version < '3.9'",
]
sdist = { url = "https://files.pythonhosted.org/packages/f6/37/23083fcd6e35492953e8d2aaaa68b860eb422b34627b13f2ce3eb6106061/typing_extensions-4.13.2.tar.gz", hash = "sha256:e6c81219bd689f51865d9e372991c540bda33a0379d5573cddb9a3a23f7caaef", size = 106967, upload-time = "2025-04-10T14:19:05.416Z" }
wheels = [
    { url = "https://files.pythonhosted.org/packages/8b/54/b1ae86c0973cc6f0210b53d508ca3641fb6d0c56823f288d108bc7ab3cc8/typing_extensions-4.13.2-py3-none-any.whl", hash = "sha256:a439e7c04b49fec3e5d3e2beaa21755cadbbdc391694e28ccdd36ca4a1408f8c", size = 45806, upload-time = "2025-04-10T14:19:03.967Z" },
]

[[package]]
name = "typing-extensions"
version = "4.15.0"
source = { registry = "https://pypi.org/simple" }
resolution-markers = [
    "python_full_version >= '3.9'",
]
sdist = { url = "https://files.pythonhosted.org/packages/72/94/1a15dd82efb362ac84269196e94cf00f187f7ed21c242792a923cdb1c61f/typing_extensions-4.15.0.tar.gz", hash = "sha256:0cea48d173cc12fa28ecabc3b837ea3cf6f38c6d1136f85cbaaf598984861466", size = 109391, upload-time = "2025-08-25T13:49:26.313Z" }
wheels = [
    { url = "https://files.pythonhosted.org/packages/18/67/36e9267722cc04a6b9f15c7f3441c2363321a3ea07da7ae0c0707beb2a9c/typing_extensions-4.15.0-py3-none-any.whl", hash = "sha256:f0fa19c6845758ab08074a0cfa8b7aecb71c999ca73d62883bc25cc018c4e548", size = 44614, upload-time = "2025-08-25T13:49:24.86Z" },
]
